// !$*UTF8*$!
{
	archiveVersion = 1;
	classes = {
	};
	objectVersion = 56;
	objects = {

/* Begin PBXBuildFile section */
		2974FCFA29FD13A400281A3E /* Exam2App.swift in Sources */ = {isa = PBXBuildFile; fileRef = 2974FCF929FD13A400281A3E /* Exam2App.swift */; };
		2974FCFE29FD13A500281A3E /* Assets.xcassets in Resources */ = {isa = PBXBuildFile; fileRef = 2974FCFD29FD13A500281A3E /* Assets.xcassets */; };
		2974FD0129FD13A500281A3E /* Preview Assets.xcassets in Resources */ = {isa = PBXBuildFile; fileRef = 2974FD0029FD13A500281A3E /* Preview Assets.xcassets */; };
		2974FD0829FD3AB500281A3E /* NoteRow.swift in Sources */ = {isa = PBXBuildFile; fileRef = 2974FD0729FD3AB500281A3E /* NoteRow.swift */; };
		2974FD0A29FD3B2C00281A3E /* TabBarPage.swift in Sources */ = {isa = PBXBuildFile; fileRef = 2974FD0929FD3B2C00281A3E /* TabBarPage.swift */; };
		2974FD0C29FD3B5400281A3E /* MainNotePage.swift in Sources */ = {isa = PBXBuildFile; fileRef = 2974FD0B29FD3B5400281A3E /* MainNotePage.swift */; };
		2974FD0E29FD3BA300281A3E /* SettingsPage.swift in Sources */ = {isa = PBXBuildFile; fileRef = 2974FD0D29FD3BA300281A3E /* SettingsPage.swift */; };
		2974FD1029FD44EC00281A3E /* Note.swift in Sources */ = {isa = PBXBuildFile; fileRef = 2974FD0F29FD44EC00281A3E /* Note.swift */; };
		2974FD1229FD48CD00281A3E /* NoteEditingPage.swift in Sources */ = {isa = PBXBuildFile; fileRef = 2974FD1129FD48CD00281A3E /* NoteEditingPage.swift */; };
/* End PBXBuildFile section */

/* Begin PBXFileReference section */
		2974FCF629FD13A400281A3E /* Exam2.app */ = {isa = PBXFileReference; explicitFileType = wrapper.application; includeInIndex = 0; path = Exam2.app; sourceTree = BUILT_PRODUCTS_DIR; };
		2974FCF929FD13A400281A3E /* Exam2App.swift */ = {isa = PBXFileReference; lastKnownFileType = sourcecode.swift; path = Exam2App.swift; sourceTree = "<group>"; };
		2974FCFD29FD13A500281A3E /* Assets.xcassets */ = {isa = PBXFileReference; lastKnownFileType = folder.assetcatalog; path = Assets.xcassets; sourceTree = "<group>"; };
		2974FD0029FD13A500281A3E /* Preview Assets.xcassets */ = {isa = PBXFileReference; lastKnownFileType = folder.assetcatalog; path = "Preview Assets.xcassets"; sourceTree = "<group>"; };
		2974FD0729FD3AB500281A3E /* NoteRow.swift */ = {isa = PBXFileReference; lastKnownFileType = sourcecode.swift; path = NoteRow.swift; sourceTree = "<group>"; };
		2974FD0929FD3B2C00281A3E /* TabBarPage.swift */ = {isa = PBXFileReference; lastKnownFileType = sourcecode.swift; path = TabBarPage.swift; sourceTree = "<group>"; };
		2974FD0B29FD3B5400281A3E /* MainNotePage.swift */ = {isa = PBXFileReference; lastKnownFileType = sourcecode.swift; path = MainNotePage.swift; sourceTree = "<group>"; };
		2974FD0D29FD3BA300281A3E /* SettingsPage.swift */ = {isa = PBXFileReference; lastKnownFileType = sourcecode.swift; path = SettingsPage.swift; sourceTree = "<group>"; };
		2974FD0F29FD44EC00281A3E /* Note.swift */ = {isa = PBXFileReference; lastKnownFileType = sourcecode.swift; path = Note.swift; sourceTree = "<group>"; };
		2974FD1129FD48CD00281A3E /* NoteEditingPage.swift */ = {isa = PBXFileReference; lastKnownFileType = sourcecode.swift; path = NoteEditingPage.swift; sourceTree = "<group>"; };
/* End PBXFileReference section */

/* Begin PBXFrameworksBuildPhase section */
		2974FCF329FD13A400281A3E /* Frameworks */ = {
			isa = PBXFrameworksBuildPhase;
			buildActionMask = 2147483647;
			files = (
			);
			runOnlyForDeploymentPostprocessing = 0;
		};
/* End PBXFrameworksBuildPhase section */

/* Begin PBXGroup section */
		2974FCED29FD13A400281A3E = {
			isa = PBXGroup;
			children = (
				2974FCF829FD13A400281A3E /* Exam2 */,
				2974FCF729FD13A400281A3E /* Products */,
			);
			sourceTree = "<group>";
		};
		2974FCF729FD13A400281A3E /* Products */ = {
			isa = PBXGroup;
			children = (
				2974FCF629FD13A400281A3E /* Exam2.app */,
			);
			name = Products;
			sourceTree = "<group>";
		};
		2974FCF829FD13A400281A3E /* Exam2 */ = {
			isa = PBXGroup;
			children = (
				2974FD0729FD3AB500281A3E /* NoteRow.swift */,
				2974FCF929FD13A400281A3E /* Exam2App.swift */,
				2974FD0929FD3B2C00281A3E /* TabBarPage.swift */,
				2974FD0B29FD3B5400281A3E /* MainNotePage.swift */,
				2974FD0D29FD3BA300281A3E /* SettingsPage.swift */,
				2974FD0F29FD44EC00281A3E /* Note.swift */,
				2974FD1129FD48CD00281A3E /* NoteEditingPage.swift */,
				2974FCFD29FD13A500281A3E /* Assets.xcassets */,
				2974FCFF29FD13A500281A3E /* Preview Content */,
			);
			path = Exam2;
			sourceTree = "<group>";
		};
		2974FCFF29FD13A500281A3E /* Preview Content */ = {
			isa = PBXGroup;
			children = (
				2974FD0029FD13A500281A3E /* Preview Assets.xcassets */,
			);
			path = "Preview Content";
			sourceTree = "<group>";
		};
/* End PBXGroup section */

/* Begin PBXNativeTarget section */
		2974FCF529FD13A400281A3E /* Exam2 */ = {
			isa = PBXNativeTarget;
			buildConfigurationList = 2974FD0429FD13A500281A3E /* Build configuration list for PBXNativeTarget "Exam2" */;
			buildPhases = (
				2974FCF229FD13A400281A3E /* Sources */,
				2974FCF329FD13A400281A3E /* Frameworks */,
				2974FCF429FD13A400281A3E /* Resources */,
			);
			buildRules = (
			);
			dependencies = (
			);
			name = Exam2;
			productName = Exam2;
			productReference = 2974FCF629FD13A400281A3E /* Exam2.app */;
			productType = "com.apple.product-type.application";
		};
/* End PBXNativeTarget section */

/* Begin PBXProject section */
		2974FCEE29FD13A400281A3E /* Project object */ = {
			isa = PBXProject;
			attributes = {
				BuildIndependentTargetsInParallel = 1;
				LastSwiftUpdateCheck = 1430;
				LastUpgradeCheck = 1430;
				TargetAttributes = {
					2974FCF529FD13A400281A3E = {
						CreatedOnToolsVersion = 14.3;
					};
				};
			};
			buildConfigurationList = 2974FCF129FD13A400281A3E /* Build configuration list for PBXProject "Exam2" */;
			compatibilityVersion = "Xcode 14.0";
			developmentRegion = en;
			hasScannedForEncodings = 0;
			knownRegions = (
				en,
				Base,
			);
			mainGroup = 2974FCED29FD13A400281A3E;
			productRefGroup = 2974FCF729FD13A400281A3E /* Products */;
			projectDirPath = "";
			projectRoot = "";
			targets = (
				2974FCF529FD13A400281A3E /* Exam2 */,
			);
		};
/* End PBXProject section */

/* Begin PBXResourcesBuildPhase section */
		2974FCF429FD13A400281A3E /* Resources */ = {
			isa = PBXResourcesBuildPhase;
			buildActionMask = 2147483647;
			files = (
				2974FD0129FD13A500281A3E /* Preview Assets.xcassets in Resources */,
				2974FCFE29FD13A500281A3E /* Assets.xcassets in Resources */,
			);
			runOnlyForDeploymentPostprocessing = 0;
		};
/* End PBXResourcesBuildPhase section */

/* Begin PBXSourcesBuildPhase section */
		2974FCF229FD13A400281A3E /* Sources */ = {
			isa = PBXSourcesBuildPhase;
			buildActionMask = 2147483647;
			files = (
				2974FD0A29FD3B2C00281A3E /* TabBarPage.swift in Sources */,
				2974FD0829FD3AB500281A3E /* NoteRow.swift in Sources */,
				2974FD0E29FD3BA300281A3E /* SettingsPage.swift in Sources */,
				2974FCFA29FD13A400281A3E /* Exam2App.swift in Sources */,
				2974FD0C29FD3B5400281A3E /* MainNotePage.swift in Sources */,
				2974FD1229FD48CD00281A3E /* NoteEditingPage.swift in Sources */,
				2974FD1029FD44EC00281A3E /* Note.swift in Sources */,
			);
			runOnlyForDeploymentPostprocessing = 0;
		};
/* End PBXSourcesBuildPhase section */

/* Begin XCBuildConfiguration section */
		2974FD0229FD13A500281A3E /* Debug */ = {
			isa = XCBuildConfiguration;
			buildSettings = {
				ALWAYS_SEARCH_USER_PATHS = NO;
				CLANG_ANALYZER_NONNULL = YES;
				CLANG_ANALYZER_NUMBER_OBJECT_CONVERSION = YES_AGGRESSIVE;
				CLANG_CXX_LANGUAGE_STANDARD = "gnu++20";
				CLANG_ENABLE_MODULES = YES;
				CLANG_ENABLE_OBJC_ARC = YES;
				CLANG_ENABLE_OBJC_WEAK = YES;
				CLANG_WARN_BLOCK_CAPTURE_AUTORELEASING = YES;
				CLANG_WARN_BOOL_CONVERSION = YES;
				CLANG_WARN_COMMA = YES;
				CLANG_WARN_CONSTANT_CONVERSION = YES;
				CLANG_WARN_DEPRECATED_OBJC_IMPLEMENTATIONS = YES;
				CLANG_WARN_DIRECT_OBJC_ISA_USAGE = YES_ERROR;
				CLANG_WARN_DOCUMENTATION_COMMENTS = YES;
				CLANG_WARN_EMPTY_BODY = YES;
				CLANG_WARN_ENUM_CONVERSION = YES;
				CLANG_WARN_INFINITE_RECURSION = YES;
				CLANG_WARN_INT_CONVERSION = YES;
				CLANG_WARN_NON_LITERAL_NULL_CONVERSION = YES;
				CLANG_WARN_OBJC_IMPLICIT_RETAIN_SELF = YES;
				CLANG_WARN_OBJC_LITERAL_CONVERSION = YES;
				CLANG_WARN_OBJC_ROOT_CLASS = YES_ERROR;
				CLANG_WARN_QUOTED_INCLUDE_IN_FRAMEWORK_HEADER = YES;
				CLANG_WARN_RANGE_LOOP_ANALYSIS = YES;
				CLANG_WARN_STRICT_PROTOTYPES = YES;
				CLANG_WARN_SUSPICIOUS_MOVE = YES;
				CLANG_WARN_UNGUARDED_AVAILABILITY = YES_AGGRESSIVE;
				CLANG_WARN_UNREACHABLE_CODE = YES;
				CLANG_WARN__DUPLICATE_METHOD_MATCH = YES;
				COPY_PHASE_STRIP = NO;
				DEBUG_INFORMATION_FORMAT = dwarf;
				ENABLE_STRICT_OBJC_MSGSEND = YES;
				ENABLE_TESTABILITY = YES;
				GCC_C_LANGUAGE_STANDARD = gnu11;
				GCC_DYNAMIC_NO_PIC = NO;
				GCC_NO_COMMON_BLOCKS = YES;
				GCC_OPTIMIZATION_LEVEL = 0;
				GCC_PREPROCESSOR_DEFINITIONS = (
					"DEBUG=1",
					"$(inherited)",
				);
				GCC_WARN_64_TO_32_BIT_CONVERSION = YES;
				GCC_WARN_ABOUT_RETURN_TYPE = YES_ERROR;
				GCC_WARN_UNDECLARED_SELECTOR = YES;
				GCC_WARN_UNINITIALIZED_AUTOS = YES_AGGRESSIVE;
				GCC_WARN_UNUSED_FUNCTION = YES;
				GCC_WARN_UNUSED_VARIABLE = YES;
				IPHONEOS_DEPLOYMENT_TARGET = 16.4;
				MTL_ENABLE_DEBUG_INFO = INCLUDE_SOURCE;
				MTL_FAST_MATH = YES;
				ONLY_ACTIVE_ARCH = YES;
				SDKROOT = iphoneos;
				SWIFT_ACTIVE_COMPILATION_CONDITIONS = DEBUG;
				SWIFT_OPTIMIZATION_LEVEL = "-Onone";
			};
			name = Debug;
		};
		2974FD0329FD13A500281A3E /* Release */ = {
			isa = XCBuildConfiguration;
			buildSettings = {
				ALWAYS_SEARCH_USER_PATHS = NO;
				CLANG_ANALYZER_NONNULL = YES;
				CLANG_ANALYZER_NUMBER_OBJECT_CONVERSION = YES_AGGRESSIVE;
				CLANG_CXX_LANGUAGE_STANDARD = "gnu++20";
				CLANG_ENABLE_MODULES = YES;
				CLANG_ENABLE_OBJC_ARC = YES;
				CLANG_ENABLE_OBJC_WEAK = YES;
				CLANG_WARN_BLOCK_CAPTURE_AUTORELEASING = YES;
				CLANG_WARN_BOOL_CONVERSION = YES;
				CLANG_WARN_COMMA = YES;
				CLANG_WARN_CONSTANT_CONVERSION = YES;
				CLANG_WARN_DEPRECATED_OBJC_IMPLEMENTATIONS = YES;
				CLANG_WARN_DIRECT_OBJC_ISA_USAGE = YES_ERROR;
				CLANG_WARN_DOCUMENTATION_COMMENTS = YES;
				CLANG_WARN_EMPTY_BODY = YES;
				CLANG_WARN_ENUM_CONVERSION = YES;
				CLANG_WARN_INFINITE_RECURSION = YES;
				CLANG_WARN_INT_CONVERSION = YES;
				CLANG_WARN_NON_LITERAL_NULL_CONVERSION = YES;
				CLANG_WARN_OBJC_IMPLICIT_RETAIN_SELF = YES;
				CLANG_WARN_OBJC_LITERAL_CONVERSION = YES;
				CLANG_WARN_OBJC_ROOT_CLASS = YES_ERROR;
				CLANG_WARN_QUOTED_INCLUDE_IN_FRAMEWORK_HEADER = YES;
				CLANG_WARN_RANGE_LOOP_ANALYSIS = YES;
				CLANG_WARN_STRICT_PROTOTYPES = YES;
				CLANG_WARN_SUSPICIOUS_MOVE = YES;
				CLANG_WARN_UNGUARDED_AVAILABILITY = YES_AGGRESSIVE;
				CLANG_WARN_UNREACHABLE_CODE = YES;
				CLANG_WARN__DUPLICATE_METHOD_MATCH = YES;
				COPY_PHASE_STRIP = NO;
				DEBUG_INFORMATION_FORMAT = "dwarf-with-dsym";
				ENABLE_NS_ASSERTIONS = NO;
				ENABLE_STRICT_OBJC_MSGSEND = YES;
				GCC_C_LANGUAGE_STANDARD = gnu11;
				GCC_NO_COMMON_BLOCKS = YES;
				GCC_WARN_64_TO_32_BIT_CONVERSION = YES;
				GCC_WARN_ABOUT_RETURN_TYPE = YES_ERROR;
				GCC_WARN_UNDECLARED_SELECTOR = YES;
				GCC_WARN_UNINITIALIZED_AUTOS = YES_AGGRESSIVE;
				GCC_WARN_UNUSED_FUNCTION = YES;
				GCC_WARN_UNUSED_VARIABLE = YES;
				IPHONEOS_DEPLOYMENT_TARGET = 16.4;
				MTL_ENABLE_DEBUG_INFO = NO;
				MTL_FAST_MATH = YES;
				SDKROOT = iphoneos;
				SWIFT_COMPILATION_MODE = wholemodule;
				SWIFT_OPTIMIZATION_LEVEL = "-O";
				VALIDATE_PRODUCT = YES;
			};
			name = Release;
		};
		2974FD0529FD13A500281A3E /* Debug */ = {
			isa = XCBuildConfiguration;
			buildSettings = {
				ASSETCATALOG_COMPILER_APPICON_NAME = AppIcon;
				ASSETCATALOG_COMPILER_GLOBAL_ACCENT_COLOR_NAME = AccentColor;
				CODE_SIGN_STYLE = Automatic;
				CURRENT_PROJECT_VERSION = 1;
				DEVELOPMENT_ASSET_PATHS = "\"Exam2/Preview Content\"";
				ENABLE_PREVIEWS = YES;
				GENERATE_INFOPLIST_FILE = YES;
				INFOPLIST_KEY_UIApplicationSceneManifest_Generation = YES;
				INFOPLIST_KEY_UIApplicationSupportsIndirectInputEvents = YES;
				INFOPLIST_KEY_UILaunchScreen_Generation = YES;
				INFOPLIST_KEY_UISupportedInterfaceOrientations_iPad = "UIInterfaceOrientationPortrait UIInterfaceOrientationPortraitUpsideDown UIInterfaceOrientationLandscapeLeft UIInterfaceOrientationLandscapeRight";
				INFOPLIST_KEY_UISupportedInterfaceOrientations_iPhone = "UIInterfaceOrientationPortrait UIInterfaceOrientationLandscapeLeft UIInterfaceOrientationLandscapeRight";
				LD_RUNPATH_SEARCH_PATHS = (
					"$(inherited)",
					"@executable_path/Frameworks",
				);
				MARKETING_VERSION = 1.0;
				PRODUCT_BUNDLE_IDENTIFIER = com.itis.ios.Exam2;
				PRODUCT_NAME = "$(TARGET_NAME)";
				SWIFT_EMIT_LOC_STRINGS = YES;
				SWIFT_VERSION = 5.0;
				TARGETED_DEVICE_FAMILY = "1,2";
			};
			name = Debug;
		};
		2974FD0629FD13A500281A3E /* Release */ = {
			isa = XCBuildConfiguration;
			buildSettings = {
				ASSETCATALOG_COMPILER_APPICON_NAME = AppIcon;
				ASSETCATALOG_COMPILER_GLOBAL_ACCENT_COLOR_NAME = AccentColor;
				CODE_SIGN_STYLE = Automatic;
				CURRENT_PROJECT_VERSION = 1;
				DEVELOPMENT_ASSET_PATHS = "\"Exam2/Preview Content\"";
				ENABLE_PREVIEWS = YES;
				GENERATE_INFOPLIST_FILE = YES;
				INFOPLIST_KEY_UIApplicationSceneManifest_Generation = YES;
				INFOPLIST_KEY_UIApplicationSupportsIndirectInputEvents = YES;
				INFOPLIST_KEY_UILaunchScreen_Generation = YES;
				INFOPLIST_KEY_UISupportedInterfaceOrientations_iPad = "UIInterfaceOrientationPortrait UIInterfaceOrientationPortraitUpsideDown UIInterfaceOrientationLandscapeLeft UIInterfaceOrientationLandscapeRight";
				INFOPLIST_KEY_UISupportedInterfaceOrientations_iPhone = "UIInterfaceOrientationPortrait UIInterfaceOrientationLandscapeLeft UIInterfaceOrientationLandscapeRight";
				LD_RUNPATH_SEARCH_PATHS = (
					"$(inherited)",
					"@executable_path/Frameworks",
				);
				MARKETING_VERSION = 1.0;
				PRODUCT_BUNDLE_IDENTIFIER = com.itis.ios.Exam2;
				PRODUCT_NAME = "$(TARGET_NAME)";
				SWIFT_EMIT_LOC_STRINGS = YES;
				SWIFT_VERSION = 5.0;
				TARGETED_DEVICE_FAMILY = "1,2";
			};
			name = Release;
		};
/* End XCBuildConfiguration section */

/* Begin XCConfigurationList section */
		2974FCF129FD13A400281A3E /* Build configuration list for PBXProject "Exam2" */ = {
			isa = XCConfigurationList;
			buildConfigurations = (
				2974FD0229FD13A500281A3E /* Debug */,
				2974FD0329FD13A500281A3E /* Release */,
			);
			defaultConfigurationIsVisible = 0;
			defaultConfigurationName = Release;
		};
		2974FD0429FD13A500281A3E /* Build configuration list for PBXNativeTarget "Exam2" */ = {
			isa = XCConfigurationList;
			buildConfigurations = (
				2974FD0529FD13A500281A3E /* Debug */,
				2974FD0629FD13A500281A3E /* Release */,
			);
			defaultConfigurationIsVisible = 0;
			defaultConfigurationName = Release;
		};
/* End XCConfigurationList section */
	};
	rootObject = 2974FCEE29FD13A400281A3E /* Project object */;
}
